
Microsoft Visual Studio Solution File, Format Version 12.00
# Visual Studio Version 16
VisualStudioVersion = 16.0.32802.440
MinimumVisualStudioVersion = 10.0.40219.1
Project("{9A19103F-16F7-4668-BE54-9A1E7A4F7556}") = "AWSLambdaDynamoDBAccess31", "AWSLambdaDynamoDBAccess31\AWSLambdaDynamoDBAccess31.csproj", "{FC6CB651-EC78-415B-8C15-071598EA2EB4}"
EndProject
Project("{FAE04EC0-301F-11D3-BF4B-00C04F79EFBC}") = "ConsoleAppLambdaDynamoDB31", "ConsoleAppLambdaDynamoDB31\ConsoleAppLambdaDynamoDB31.csproj", "{5B9C670B-56E0-4CC4-AB38-A362DCB319E7}"
EndProject
Global
	GlobalSection(SolutionConfigurationPlatforms) = preSolution
		Debug|Any CPU = Debug|Any CPU
		Release|Any CPU = Release|Any CPU
	EndGlobalSection
	GlobalSection(ProjectConfigurationPlatforms) = postSolution
		{FC6CB651-EC78-415B-8C15-071598EA2EB4}.Debug|Any CPU.ActiveCfg = Debug|Any CPU
		{FC6CB651-EC78-415B-8C15-071598EA2EB4}.Debug|Any CPU.Build.0 = Debug|Any CPU
		{FC6CB651-EC78-415B-8C15-071598EA2EB4}.Release|Any CPU.ActiveCfg = Release|Any CPU
		{FC6CB651-EC78-415B-8C15-071598EA2EB4}.Release|Any CPU.Build.0 = Release|Any CPU
		{5B9C670B-56E0-4CC4-AB38-A362DCB319E7}.Debug|Any CPU.ActiveCfg = Debug|Any CPU
		{5B9C670B-56E0-4CC4-AB38-A362DCB319E7}.Debug|Any CPU.Build.0 = Debug|Any CPU
		{5B9C670B-56E0-4CC4-AB38-A362DCB319E7}.Release|Any CPU.ActiveCfg = Release|Any CPU
		{5B9C670B-56E0-4CC4-AB38-A362DCB319E7}.Release|Any CPU.Build.0 = Release|Any CPU
	EndGlobalSection
	GlobalSection(SolutionProperties) = preSolution
		HideSolutionNode = FALSE
	EndGlobalSection
	GlobalSection(ExtensibilityGlobals) = postSolution
		SolutionGuid = {F5E82376-78EA-4A39-9D0A-D75A79B14D99}
	EndGlobalSection
EndGlobal
